
Microsoft Visual Studio Solution File, Format Version 12.00
# Visual Studio Version 16
VisualStudioVersion = 16.0.30711.63
MinimumVisualStudioVersion = 10.0.40219.1
Project("{9A19103F-16F7-4668-BE54-9A1E7A4F7556}") = "GrpcServiceDemo", "Server\GrpcServiceDemo.csproj", "{B5E2FA2A-21A5-4383-A703-6533D7B84C6A}"
EndProject
Project("{9A19103F-16F7-4668-BE54-9A1E7A4F7556}") = "ConsoleClientGrpc", "ConsoleClientGrpc\ConsoleClientGrpc.csproj", "{19147AE7-55BA-4876-9B51-0F8DB76792A8}"
EndProject
Project("{9A19103F-16F7-4668-BE54-9A1E7A4F7556}") = "BlazorPWAClientgRPC", "BlazorPWAClientgRPC\BlazorPWAClientgRPC.csproj", "{1682BAA5-1C58-4996-B0B3-F7D2B19C0B74}"
EndProject
Project("{2150E333-8FDC-42A3-9474-1A3956D46DE8}") = "Xamarin", "Xamarin", "{D92D3CA5-E36C-4415-9D1B-201A3C088C55}"
EndProject
Project("{FAE04EC0-301F-11D3-BF4B-00C04F79EFBC}") = "XamarinClientGrpc.Android", "XamarinClientGrpc\XamarinClientGrpc.Android\XamarinClientGrpc.Android.csproj", "{0A2F7671-B266-4CB9-804A-BCB8CA1CE9C3}"
EndProject
Project("{FAE04EC0-301F-11D3-BF4B-00C04F79EFBC}") = "XamarinClientGrpc.iOS", "XamarinClientGrpc\XamarinClientGrpc.iOS\XamarinClientGrpc.iOS.csproj", "{3B36E5D5-D008-498A-8D5F-FC2E93090CFD}"
EndProject
Project("{9A19103F-16F7-4668-BE54-9A1E7A4F7556}") = "XamarinClientGrpc", "XamarinClientGrpc\XamarinClientGrpc\XamarinClientGrpc.csproj", "{6F7770AA-6A93-4682-9314-4D32C003CF7C}"
EndProject
Global
	GlobalSection(SolutionConfigurationPlatforms) = preSolution
		Debug|Any CPU = Debug|Any CPU
		Debug|ARM = Debug|ARM
		Debug|iPhone = Debug|iPhone
		Debug|iPhoneSimulator = Debug|iPhoneSimulator
		Debug|x64 = Debug|x64
		Debug|x86 = Debug|x86
		Release|Any CPU = Release|Any CPU
		Release|ARM = Release|ARM
		Release|iPhone = Release|iPhone
		Release|iPhoneSimulator = Release|iPhoneSimulator
		Release|x64 = Release|x64
		Release|x86 = Release|x86
	EndGlobalSection
	GlobalSection(ProjectConfigurationPlatforms) = postSolution
		{B5E2FA2A-21A5-4383-A703-6533D7B84C6A}.Debug|Any CPU.ActiveCfg = Debug|Any CPU
		{B5E2FA2A-21A5-4383-A703-6533D7B84C6A}.Debug|Any CPU.Build.0 = Debug|Any CPU
		{B5E2FA2A-21A5-4383-A703-6533D7B84C6A}.Debug|ARM.ActiveCfg = Debug|Any CPU
		{B5E2FA2A-21A5-4383-A703-6533D7B84C6A}.Debug|ARM.Build.0 = Debug|Any CPU
		{B5E2FA2A-21A5-4383-A703-6533D7B84C6A}.Debug|iPhone.ActiveCfg = Debug|Any CPU
		{B5E2FA2A-21A5-4383-A703-6533D7B84C6A}.Debug|iPhone.Build.0 = Debug|Any CPU
		{B5E2FA2A-21A5-4383-A703-6533D7B84C6A}.Debug|iPhoneSimulator.ActiveCfg = Debug|Any CPU
		{B5E2FA2A-21A5-4383-A703-6533D7B84C6A}.Debug|iPhoneSimulator.Build.0 = Debug|Any CPU
		{B5E2FA2A-21A5-4383-A703-6533D7B84C6A}.Debug|x64.ActiveCfg = Debug|Any CPU
		{B5E2FA2A-21A5-4383-A703-6533D7B84C6A}.Debug|x64.Build.0 = Debug|Any CPU
		{B5E2FA2A-21A5-4383-A703-6533D7B84C6A}.Debug|x86.ActiveCfg = Debug|Any CPU
		{B5E2FA2A-21A5-4383-A703-6533D7B84C6A}.Debug|x86.Build.0 = Debug|Any CPU
		{B5E2FA2A-21A5-4383-A703-6533D7B84C6A}.Release|Any CPU.ActiveCfg = Release|Any CPU
		{B5E2FA2A-21A5-4383-A703-6533D7B84C6A}.Release|Any CPU.Build.0 = Release|Any CPU
		{B5E2FA2A-21A5-4383-A703-6533D7B84C6A}.Release|ARM.ActiveCfg = Release|Any CPU
		{B5E2FA2A-21A5-4383-A703-6533D7B84C6A}.Release|ARM.Build.0 = Release|Any CPU
		{B5E2FA2A-21A5-4383-A703-6533D7B84C6A}.Release|iPhone.ActiveCfg = Release|Any CPU
		{B5E2FA2A-21A5-4383-A703-6533D7B84C6A}.Release|iPhone.Build.0 = Release|Any CPU
		{B5E2FA2A-21A5-4383-A703-6533D7B84C6A}.Release|iPhoneSimulator.ActiveCfg = Release|Any CPU
		{B5E2FA2A-21A5-4383-A703-6533D7B84C6A}.Release|iPhoneSimulator.Build.0 = Release|Any CPU
		{B5E2FA2A-21A5-4383-A703-6533D7B84C6A}.Release|x64.ActiveCfg = Release|Any CPU
		{B5E2FA2A-21A5-4383-A703-6533D7B84C6A}.Release|x64.Build.0 = Release|Any CPU
		{B5E2FA2A-21A5-4383-A703-6533D7B84C6A}.Release|x86.ActiveCfg = Release|Any CPU
		{B5E2FA2A-21A5-4383-A703-6533D7B84C6A}.Release|x86.Build.0 = Release|Any CPU
		{19147AE7-55BA-4876-9B51-0F8DB76792A8}.Debug|Any CPU.ActiveCfg = Debug|Any CPU
		{19147AE7-55BA-4876-9B51-0F8DB76792A8}.Debug|Any CPU.Build.0 = Debug|Any CPU
		{19147AE7-55BA-4876-9B51-0F8DB76792A8}.Debug|ARM.ActiveCfg = Debug|Any CPU
		{19147AE7-55BA-4876-9B51-0F8DB76792A8}.Debug|ARM.Build.0 = Debug|Any CPU
		{19147AE7-55BA-4876-9B51-0F8DB76792A8}.Debug|iPhone.ActiveCfg = Debug|Any CPU
		{19147AE7-55BA-4876-9B51-0F8DB76792A8}.Debug|iPhone.Build.0 = Debug|Any CPU
		{19147AE7-55BA-4876-9B51-0F8DB76792A8}.Debug|iPhoneSimulator.ActiveCfg = Debug|Any CPU
		{19147AE7-55BA-4876-9B51-0F8DB76792A8}.Debug|iPhoneSimulator.Build.0 = Debug|Any CPU
		{19147AE7-55BA-4876-9B51-0F8DB76792A8}.Debug|x64.ActiveCfg = Debug|Any CPU
		{19147AE7-55BA-4876-9B51-0F8DB76792A8}.Debug|x64.Build.0 = Debug|Any CPU
		{19147AE7-55BA-4876-9B51-0F8DB76792A8}.Debug|x86.ActiveCfg = Debug|Any CPU
		{19147AE7-55BA-4876-9B51-0F8DB76792A8}.Debug|x86.Build.0 = Debug|Any CPU
		{19147AE7-55BA-4876-9B51-0F8DB76792A8}.Release|Any CPU.ActiveCfg = Release|Any CPU
		{19147AE7-55BA-4876-9B51-0F8DB76792A8}.Release|Any CPU.Build.0 = Release|Any CPU
		{19147AE7-55BA-4876-9B51-0F8DB76792A8}.Release|ARM.ActiveCfg = Release|Any CPU
		{19147AE7-55BA-4876-9B51-0F8DB76792A8}.Release|ARM.Build.0 = Release|Any CPU
		{19147AE7-55BA-4876-9B51-0F8DB76792A8}.Release|iPhone.ActiveCfg = Release|Any CPU
		{19147AE7-55BA-4876-9B51-0F8DB76792A8}.Release|iPhone.Build.0 = Release|Any CPU
		{19147AE7-55BA-4876-9B51-0F8DB76792A8}.Release|iPhoneSimulator.ActiveCfg = Release|Any CPU
		{19147AE7-55BA-4876-9B51-0F8DB76792A8}.Release|iPhoneSimulator.Build.0 = Release|Any CPU
		{19147AE7-55BA-4876-9B51-0F8DB76792A8}.Release|x64.ActiveCfg = Release|Any CPU
		{19147AE7-55BA-4876-9B51-0F8DB76792A8}.Release|x64.Build.0 = Release|Any CPU
		{19147AE7-55BA-4876-9B51-0F8DB76792A8}.Release|x86.ActiveCfg = Release|Any CPU
		{19147AE7-55BA-4876-9B51-0F8DB76792A8}.Release|x86.Build.0 = Release|Any CPU
		{1682BAA5-1C58-4996-B0B3-F7D2B19C0B74}.Debug|Any CPU.ActiveCfg = Debug|Any CPU
		{1682BAA5-1C58-4996-B0B3-F7D2B19C0B74}.Debug|Any CPU.Build.0 = Debug|Any CPU
		{1682BAA5-1C58-4996-B0B3-F7D2B19C0B74}.Debug|ARM.ActiveCfg = Debug|Any CPU
		{1682BAA5-1C58-4996-B0B3-F7D2B19C0B74}.Debug|ARM.Build.0 = Debug|Any CPU
		{1682BAA5-1C58-4996-B0B3-F7D2B19C0B74}.Debug|iPhone.ActiveCfg = Debug|Any CPU
		{1682BAA5-1C58-4996-B0B3-F7D2B19C0B74}.Debug|iPhone.Build.0 = Debug|Any CPU
		{1682BAA5-1C58-4996-B0B3-F7D2B19C0B74}.Debug|iPhoneSimulator.ActiveCfg = Debug|Any CPU
		{1682BAA5-1C58-4996-B0B3-F7D2B19C0B74}.Debug|iPhoneSimulator.Build.0 = Debug|Any CPU
		{1682BAA5-1C58-4996-B0B3-F7D2B19C0B74}.Debug|x64.ActiveCfg = Debug|Any CPU
		{1682BAA5-1C58-4996-B0B3-F7D2B19C0B74}.Debug|x64.Build.0 = Debug|Any CPU
		{1682BAA5-1C58-4996-B0B3-F7D2B19C0B74}.Debug|x86.ActiveCfg = Debug|Any CPU
		{1682BAA5-1C58-4996-B0B3-F7D2B19C0B74}.Debug|x86.Build.0 = Debug|Any CPU
		{1682BAA5-1C58-4996-B0B3-F7D2B19C0B74}.Release|Any CPU.ActiveCfg = Release|Any CPU
		{1682BAA5-1C58-4996-B0B3-F7D2B19C0B74}.Release|Any CPU.Build.0 = Release|Any CPU
		{1682BAA5-1C58-4996-B0B3-F7D2B19C0B74}.Release|ARM.ActiveCfg = Release|Any CPU
		{1682BAA5-1C58-4996-B0B3-F7D2B19C0B74}.Release|ARM.Build.0 = Release|Any CPU
		{1682BAA5-1C58-4996-B0B3-F7D2B19C0B74}.Release|iPhone.ActiveCfg = Release|Any CPU
		{1682BAA5-1C58-4996-B0B3-F7D2B19C0B74}.Release|iPhone.Build.0 = Release|Any CPU
		{1682BAA5-1C58-4996-B0B3-F7D2B19C0B74}.Release|iPhoneSimulator.ActiveCfg = Release|Any CPU
		{1682BAA5-1C58-4996-B0B3-F7D2B19C0B74}.Release|iPhoneSimulator.Build.0 = Release|Any CPU
		{1682BAA5-1C58-4996-B0B3-F7D2B19C0B74}.Release|x64.ActiveCfg = Release|Any CPU
		{1682BAA5-1C58-4996-B0B3-F7D2B19C0B74}.Release|x64.Build.0 = Release|Any CPU
		{1682BAA5-1C58-4996-B0B3-F7D2B19C0B74}.Release|x86.ActiveCfg = Release|Any CPU
		{1682BAA5-1C58-4996-B0B3-F7D2B19C0B74}.Release|x86.Build.0 = Release|Any CPU
		{0A2F7671-B266-4CB9-804A-BCB8CA1CE9C3}.Debug|Any CPU.ActiveCfg = Debug|Any CPU
		{0A2F7671-B266-4CB9-804A-BCB8CA1CE9C3}.Debug|Any CPU.Build.0 = Debug|Any CPU
		{0A2F7671-B266-4CB9-804A-BCB8CA1CE9C3}.Debug|Any CPU.Deploy.0 = Debug|Any CPU
		{0A2F7671-B266-4CB9-804A-BCB8CA1CE9C3}.Debug|ARM.ActiveCfg = Debug|Any CPU
		{0A2F7671-B266-4CB9-804A-BCB8CA1CE9C3}.Debug|ARM.Build.0 = Debug|Any CPU
		{0A2F7671-B266-4CB9-804A-BCB8CA1CE9C3}.Debug|ARM.Deploy.0 = Debug|Any CPU
		{0A2F7671-B266-4CB9-804A-BCB8CA1CE9C3}.Debug|iPhone.ActiveCfg = Debug|Any CPU
		{0A2F7671-B266-4CB9-804A-BCB8CA1CE9C3}.Debug|iPhone.Build.0 = Debug|Any CPU
		{0A2F7671-B266-4CB9-804A-BCB8CA1CE9C3}.Debug|iPhone.Deploy.0 = Debug|Any CPU
		{0A2F7671-B266-4CB9-804A-BCB8CA1CE9C3}.Debug|iPhoneSimulator.ActiveCfg = Debug|Any CPU
		{0A2F7671-B266-4CB9-804A-BCB8CA1CE9C3}.Debug|iPhoneSimulator.Build.0 = Debug|Any CPU
		{0A2F7671-B266-4CB9-804A-BCB8CA1CE9C3}.Debug|iPhoneSimulator.Deploy.0 = Debug|Any CPU
		{0A2F7671-B266-4CB9-804A-BCB8CA1CE9C3}.Debug|x64.ActiveCfg = Debug|Any CPU
		{0A2F7671-B266-4CB9-804A-BCB8CA1CE9C3}.Debug|x64.Build.0 = Debug|Any CPU
		{0A2F7671-B266-4CB9-804A-BCB8CA1CE9C3}.Debug|x64.Deploy.0 = Debug|Any CPU
		{0A2F7671-B266-4CB9-804A-BCB8CA1CE9C3}.Debug|x86.ActiveCfg = Debug|Any CPU
		{0A2F7671-B266-4CB9-804A-BCB8CA1CE9C3}.Debug|x86.Build.0 = Debug|Any CPU
		{0A2F7671-B266-4CB9-804A-BCB8CA1CE9C3}.Debug|x86.Deploy.0 = Debug|Any CPU
		{0A2F7671-B266-4CB9-804A-BCB8CA1CE9C3}.Release|Any CPU.ActiveCfg = Release|Any CPU
		{0A2F7671-B266-4CB9-804A-BCB8CA1CE9C3}.Release|Any CPU.Build.0 = Release|Any CPU
		{0A2F7671-B266-4CB9-804A-BCB8CA1CE9C3}.Release|Any CPU.Deploy.0 = Release|Any CPU
		{0A2F7671-B266-4CB9-804A-BCB8CA1CE9C3}.Release|ARM.ActiveCfg = Release|Any CPU
		{0A2F7671-B266-4CB9-804A-BCB8CA1CE9C3}.Release|ARM.Build.0 = Release|Any CPU
		{0A2F7671-B266-4CB9-804A-BCB8CA1CE9C3}.Release|ARM.Deploy.0 = Release|Any CPU
		{0A2F7671-B266-4CB9-804A-BCB8CA1CE9C3}.Release|iPhone.ActiveCfg = Release|Any CPU
		{0A2F7671-B266-4CB9-804A-BCB8CA1CE9C3}.Release|iPhone.Build.0 = Release|Any CPU
		{0A2F7671-B266-4CB9-804A-BCB8CA1CE9C3}.Release|iPhone.Deploy.0 = Release|Any CPU
		{0A2F7671-B266-4CB9-804A-BCB8CA1CE9C3}.Release|iPhoneSimulator.ActiveCfg = Release|Any CPU
		{0A2F7671-B266-4CB9-804A-BCB8CA1CE9C3}.Release|iPhoneSimulator.Build.0 = Release|Any CPU
		{0A2F7671-B266-4CB9-804A-BCB8CA1CE9C3}.Release|iPhoneSimulator.Deploy.0 = Release|Any CPU
		{0A2F7671-B266-4CB9-804A-BCB8CA1CE9C3}.Release|x64.ActiveCfg = Release|Any CPU
		{0A2F7671-B266-4CB9-804A-BCB8CA1CE9C3}.Release|x64.Build.0 = Release|Any CPU
		{0A2F7671-B266-4CB9-804A-BCB8CA1CE9C3}.Release|x64.Deploy.0 = Release|Any CPU
		{0A2F7671-B266-4CB9-804A-BCB8CA1CE9C3}.Release|x86.ActiveCfg = Release|Any CPU
		{0A2F7671-B266-4CB9-804A-BCB8CA1CE9C3}.Release|x86.Build.0 = Release|Any CPU
		{0A2F7671-B266-4CB9-804A-BCB8CA1CE9C3}.Release|x86.Deploy.0 = Release|Any CPU
		{3B36E5D5-D008-498A-8D5F-FC2E93090CFD}.Debug|Any CPU.ActiveCfg = Debug|iPhoneSimulator
		{3B36E5D5-D008-498A-8D5F-FC2E93090CFD}.Debug|ARM.ActiveCfg = Debug|iPhoneSimulator
		{3B36E5D5-D008-498A-8D5F-FC2E93090CFD}.Debug|iPhone.ActiveCfg = Debug|iPhone
		{3B36E5D5-D008-498A-8D5F-FC2E93090CFD}.Debug|iPhone.Build.0 = Debug|iPhone
		{3B36E5D5-D008-498A-8D5F-FC2E93090CFD}.Debug|iPhoneSimulator.ActiveCfg = Debug|iPhoneSimulator
		{3B36E5D5-D008-498A-8D5F-FC2E93090CFD}.Debug|iPhoneSimulator.Build.0 = Debug|iPhoneSimulator
		{3B36E5D5-D008-498A-8D5F-FC2E93090CFD}.Debug|x64.ActiveCfg = Debug|iPhoneSimulator
		{3B36E5D5-D008-498A-8D5F-FC2E93090CFD}.Debug|x86.ActiveCfg = Debug|iPhoneSimulator
		{3B36E5D5-D008-498A-8D5F-FC2E93090CFD}.Release|Any CPU.ActiveCfg = Release|iPhoneSimulator
		{3B36E5D5-D008-498A-8D5F-FC2E93090CFD}.Release|ARM.ActiveCfg = Release|iPhoneSimulator
		{3B36E5D5-D008-498A-8D5F-FC2E93090CFD}.Release|iPhone.ActiveCfg = Release|iPhone
		{3B36E5D5-D008-498A-8D5F-FC2E93090CFD}.Release|iPhone.Build.0 = Release|iPhone
		{3B36E5D5-D008-498A-8D5F-FC2E93090CFD}.Release|iPhoneSimulator.ActiveCfg = Release|iPhoneSimulator
		{3B36E5D5-D008-498A-8D5F-FC2E93090CFD}.Release|iPhoneSimulator.Build.0 = Release|iPhoneSimulator
		{3B36E5D5-D008-498A-8D5F-FC2E93090CFD}.Release|x64.ActiveCfg = Release|iPhoneSimulator
		{3B36E5D5-D008-498A-8D5F-FC2E93090CFD}.Release|x86.ActiveCfg = Release|iPhoneSimulator
		{6F7770AA-6A93-4682-9314-4D32C003CF7C}.Debug|Any CPU.ActiveCfg = Debug|Any CPU
		{6F7770AA-6A93-4682-9314-4D32C003CF7C}.Debug|Any CPU.Build.0 = Debug|Any CPU
		{6F7770AA-6A93-4682-9314-4D32C003CF7C}.Debug|ARM.ActiveCfg = Debug|Any CPU
		{6F7770AA-6A93-4682-9314-4D32C003CF7C}.Debug|ARM.Build.0 = Debug|Any CPU
		{6F7770AA-6A93-4682-9314-4D32C003CF7C}.Debug|iPhone.ActiveCfg = Debug|Any CPU
		{6F7770AA-6A93-4682-9314-4D32C003CF7C}.Debug|iPhone.Build.0 = Debug|Any CPU
		{6F7770AA-6A93-4682-9314-4D32C003CF7C}.Debug|iPhoneSimulator.ActiveCfg = Debug|Any CPU
		{6F7770AA-6A93-4682-9314-4D32C003CF7C}.Debug|iPhoneSimulator.Build.0 = Debug|Any CPU
		{6F7770AA-6A93-4682-9314-4D32C003CF7C}.Debug|x64.ActiveCfg = Debug|Any CPU
		{6F7770AA-6A93-4682-9314-4D32C003CF7C}.Debug|x64.Build.0 = Debug|Any CPU
		{6F7770AA-6A93-4682-9314-4D32C003CF7C}.Debug|x86.ActiveCfg = Debug|Any CPU
		{6F7770AA-6A93-4682-9314-4D32C003CF7C}.Debug|x86.Build.0 = Debug|Any CPU
		{6F7770AA-6A93-4682-9314-4D32C003CF7C}.Release|Any CPU.ActiveCfg = Release|Any CPU
		{6F7770AA-6A93-4682-9314-4D32C003CF7C}.Release|Any CPU.Build.0 = Release|Any CPU
		{6F7770AA-6A93-4682-9314-4D32C003CF7C}.Release|ARM.ActiveCfg = Release|Any CPU
		{6F7770AA-6A93-4682-9314-4D32C003CF7C}.Release|ARM.Build.0 = Release|Any CPU
		{6F7770AA-6A93-4682-9314-4D32C003CF7C}.Release|iPhone.ActiveCfg = Release|Any CPU
		{6F7770AA-6A93-4682-9314-4D32C003CF7C}.Release|iPhone.Build.0 = Release|Any CPU
		{6F7770AA-6A93-4682-9314-4D32C003CF7C}.Release|iPhoneSimulator.ActiveCfg = Release|Any CPU
		{6F7770AA-6A93-4682-9314-4D32C003CF7C}.Release|iPhoneSimulator.Build.0 = Release|Any CPU
		{6F7770AA-6A93-4682-9314-4D32C003CF7C}.Release|x64.ActiveCfg = Release|Any CPU
		{6F7770AA-6A93-4682-9314-4D32C003CF7C}.Release|x64.Build.0 = Release|Any CPU
		{6F7770AA-6A93-4682-9314-4D32C003CF7C}.Release|x86.ActiveCfg = Release|Any CPU
		{6F7770AA-6A93-4682-9314-4D32C003CF7C}.Release|x86.Build.0 = Release|Any CPU
	EndGlobalSection
	GlobalSection(SolutionProperties) = preSolution
		HideSolutionNode = FALSE
	EndGlobalSection
	GlobalSection(NestedProjects) = preSolution
		{0A2F7671-B266-4CB9-804A-BCB8CA1CE9C3} = {D92D3CA5-E36C-4415-9D1B-201A3C088C55}
		{3B36E5D5-D008-498A-8D5F-FC2E93090CFD} = {D92D3CA5-E36C-4415-9D1B-201A3C088C55}
		{6F7770AA-6A93-4682-9314-4D32C003CF7C} = {D92D3CA5-E36C-4415-9D1B-201A3C088C55}
	EndGlobalSection
	GlobalSection(ExtensibilityGlobals) = postSolution
		SolutionGuid = {953203DF-412E-4BA9-B23E-9A66B118474B}
	EndGlobalSection
EndGlobal
